
Microsoft Visual Studio Solution File, Format Version 12.00
# Visual Studio 14
VisualStudioVersion = 14.0.25420.1
MinimumVisualStudioVersion = 10.0.40219.1
Project("{FAE04EC0-301F-11D3-BF4B-00C04F79EFBC}") = "PruebaArbolBinApiRest", "PruebaArbolBinApiRest\PruebaArbolBinApiRest.csproj", "{8FEC95A8-8069-4E47-910E-FA159D3E0C61}"
EndProject
Project("{FAE04EC0-301F-11D3-BF4B-00C04F79EFBC}") = "PruebaArbolBinApiRest.Tests", "PruebaArbolBinApiRest.Tests\PruebaArbolBinApiRest.Tests.csproj", "{0C02D39E-4A4D-4A10-B572-6F835E042A9C}"
EndProject
Global
	GlobalSection(SolutionConfigurationPlatforms) = preSolution
		Debug|Any CPU = Debug|Any CPU
		Release|Any CPU = Release|Any CPU
	EndGlobalSection
	GlobalSection(ProjectConfigurationPlatforms) = postSolution
		{8FEC95A8-8069-4E47-910E-FA159D3E0C61}.Debug|Any CPU.ActiveCfg = Debug|Any CPU
		{8FEC95A8-8069-4E47-910E-FA159D3E0C61}.Debug|Any CPU.Build.0 = Debug|Any CPU
		{8FEC95A8-8069-4E47-910E-FA159D3E0C61}.Release|Any CPU.ActiveCfg = Release|Any CPU
		{8FEC95A8-8069-4E47-910E-FA159D3E0C61}.Release|Any CPU.Build.0 = Release|Any CPU
		{0C02D39E-4A4D-4A10-B572-6F835E042A9C}.Debug|Any CPU.ActiveCfg = Debug|Any CPU
		{0C02D39E-4A4D-4A10-B572-6F835E042A9C}.Debug|Any CPU.Build.0 = Debug|Any CPU
		{0C02D39E-4A4D-4A10-B572-6F835E042A9C}.Release|Any CPU.ActiveCfg = Release|Any CPU
		{0C02D39E-4A4D-4A10-B572-6F835E042A9C}.Release|Any CPU.Build.0 = Release|Any CPU
	EndGlobalSection
	GlobalSection(SolutionProperties) = preSolution
		HideSolutionNode = FALSE
	EndGlobalSection
EndGlobal
